
Microsoft Visual Studio Solution File, Format Version 12.00
# Visual Studio Version 16
VisualStudioVersion = 16.0.32228.343
MinimumVisualStudioVersion = 10.0.40219.1
Project("{FAE04EC0-301F-11D3-BF4B-00C04F79EFBC}") = "KYSliotek", "KYSliotek\KYSliotek.csproj", "{37A2F453-E636-4700-945B-68901ECCD363}"
EndProject
Project("{FAE04EC0-301F-11D3-BF4B-00C04F79EFBC}") = "KYSliotek.Domain", "KYSliotek.Domain\KYSliotek.Domain.csproj", "{B6958381-9250-4F65-AED0-4493C28E90A0}"
EndProject
Project("{FAE04EC0-301F-11D3-BF4B-00C04F79EFBC}") = "KYSliotek.Tests", "KYSliotek.Tests\KYSliotek.Tests.csproj", "{0432616F-57F3-404E-894E-B3F9FF307CB2}"
EndProject
Global
	GlobalSection(SolutionConfigurationPlatforms) = preSolution
		Debug|Any CPU = Debug|Any CPU
		Release|Any CPU = Release|Any CPU
	EndGlobalSection
	GlobalSection(ProjectConfigurationPlatforms) = postSolution
		{37A2F453-E636-4700-945B-68901ECCD363}.Debug|Any CPU.ActiveCfg = Debug|Any CPU
		{37A2F453-E636-4700-945B-68901ECCD363}.Debug|Any CPU.Build.0 = Debug|Any CPU
		{37A2F453-E636-4700-945B-68901ECCD363}.Release|Any CPU.ActiveCfg = Release|Any CPU
		{37A2F453-E636-4700-945B-68901ECCD363}.Release|Any CPU.Build.0 = Release|Any CPU
		{B6958381-9250-4F65-AED0-4493C28E90A0}.Debug|Any CPU.ActiveCfg = Debug|Any CPU
		{B6958381-9250-4F65-AED0-4493C28E90A0}.Debug|Any CPU.Build.0 = Debug|Any CPU
		{B6958381-9250-4F65-AED0-4493C28E90A0}.Release|Any CPU.ActiveCfg = Release|Any CPU
		{B6958381-9250-4F65-AED0-4493C28E90A0}.Release|Any CPU.Build.0 = Release|Any CPU
		{0432616F-57F3-404E-894E-B3F9FF307CB2}.Debug|Any CPU.ActiveCfg = Debug|Any CPU
		{0432616F-57F3-404E-894E-B3F9FF307CB2}.Debug|Any CPU.Build.0 = Debug|Any CPU
		{0432616F-57F3-404E-894E-B3F9FF307CB2}.Release|Any CPU.ActiveCfg = Release|Any CPU
		{0432616F-57F3-404E-894E-B3F9FF307CB2}.Release|Any CPU.Build.0 = Release|Any CPU
	EndGlobalSection
	GlobalSection(SolutionProperties) = preSolution
		HideSolutionNode = FALSE
	EndGlobalSection
	GlobalSection(ExtensibilityGlobals) = postSolution
		SolutionGuid = {73BCDC2E-BD18-499B-B97D-00F2D25B5EB2}
	EndGlobalSection
EndGlobal
